// !$*UTF8*$!
{
	archiveVersion = 1;
	classes = {
	};
	objectVersion = 55;
	objects = {

/* Begin PBXBuildFile section */
		7B775B982A8CA4590092D224 /* AppDelegate.swift in Sources */ = {isa = PBXBuildFile; fileRef = 7B775B972A8CA4590092D224 /* AppDelegate.swift */; };
		7B775B9A2A8CA4590092D224 /* SceneDelegate.swift in Sources */ = {isa = PBXBuildFile; fileRef = 7B775B992A8CA4590092D224 /* SceneDelegate.swift */; };
		7B775B9C2A8CA4590092D224 /* ViewController.swift in Sources */ = {isa = PBXBuildFile; fileRef = 7B775B9B2A8CA4590092D224 /* ViewController.swift */; };
		7B775B9F2A8CA4590092D224 /* Main.storyboard in Resources */ = {isa = PBXBuildFile; fileRef = 7B775B9D2A8CA4590092D224 /* Main.storyboard */; };
		7B775BA12A8CA45F0092D224 /* Assets.xcassets in Resources */ = {isa = PBXBuildFile; fileRef = 7B775BA02A8CA45F0092D224 /* Assets.xcassets */; };
		7B775BA42A8CA45F0092D224 /* LaunchScreen.storyboard in Resources */ = {isa = PBXBuildFile; fileRef = 7B775BA22A8CA45F0092D224 /* LaunchScreen.storyboard */; };
		7B775BAF2A8CA45F0092D224 /* GomokuTests.swift in Sources */ = {isa = PBXBuildFile; fileRef = 7B775BAE2A8CA45F0092D224 /* GomokuTests.swift */; };
		7B775BB92A8CA45F0092D224 /* GomokuUITests.swift in Sources */ = {isa = PBXBuildFile; fileRef = 7B775BB82A8CA45F0092D224 /* GomokuUITests.swift */; };
		7B775BBB2A8CA45F0092D224 /* GomokuUITestsLaunchTests.swift in Sources */ = {isa = PBXBuildFile; fileRef = 7B775BBA2A8CA45F0092D224 /* GomokuUITestsLaunchTests.swift */; };
		7B775BC82A8CA69F0092D224 /* ViewModel.swift in Sources */ = {isa = PBXBuildFile; fileRef = 7B775BC72A8CA69F0092D224 /* ViewModel.swift */; };
/* End PBXBuildFile section */

/* Begin PBXContainerItemProxy section */
		7B775BAB2A8CA45F0092D224 /* PBXContainerItemProxy */ = {
			isa = PBXContainerItemProxy;
			containerPortal = 7B775B8C2A8CA4590092D224 /* Project object */;
			proxyType = 1;
			remoteGlobalIDString = 7B775B932A8CA4590092D224;
			remoteInfo = Gomoku;
		};
		7B775BB52A8CA45F0092D224 /* PBXContainerItemProxy */ = {
			isa = PBXContainerItemProxy;
			containerPortal = 7B775B8C2A8CA4590092D224 /* Project object */;
			proxyType = 1;
			remoteGlobalIDString = 7B775B932A8CA4590092D224;
			remoteInfo = Gomoku;
		};
/* End PBXContainerItemProxy section */

/* Begin PBXFileReference section */
		7B775B942A8CA4590092D224 /* Gomoku.app */ = {isa = PBXFileReference; explicitFileType = wrapper.application; includeInIndex = 0; path = Gomoku.app; sourceTree = BUILT_PRODUCTS_DIR; };
		7B775B972A8CA4590092D224 /* AppDelegate.swift */ = {isa = PBXFileReference; lastKnownFileType = sourcecode.swift; path = AppDelegate.swift; sourceTree = "<group>"; };
		7B775B992A8CA4590092D224 /* SceneDelegate.swift */ = {isa = PBXFileReference; lastKnownFileType = sourcecode.swift; path = SceneDelegate.swift; sourceTree = "<group>"; };
		7B775B9B2A8CA4590092D224 /* ViewController.swift */ = {isa = PBXFileReference; lastKnownFileType = sourcecode.swift; path = ViewController.swift; sourceTree = "<group>"; };
		7B775B9E2A8CA4590092D224 /* Base */ = {isa = PBXFileReference; lastKnownFileType = file.storyboard; name = Base; path = Base.lproj/Main.storyboard; sourceTree = "<group>"; };
		7B775BA02A8CA45F0092D224 /* Assets.xcassets */ = {isa = PBXFileReference; lastKnownFileType = folder.assetcatalog; path = Assets.xcassets; sourceTree = "<group>"; };
		7B775BA32A8CA45F0092D224 /* Base */ = {isa = PBXFileReference; lastKnownFileType = file.storyboard; name = Base; path = Base.lproj/LaunchScreen.storyboard; sourceTree = "<group>"; };
		7B775BA52A8CA45F0092D224 /* Info.plist */ = {isa = PBXFileReference; lastKnownFileType = text.plist.xml; path = Info.plist; sourceTree = "<group>"; };
		7B775BAA2A8CA45F0092D224 /* GomokuTests.xctest */ = {isa = PBXFileReference; explicitFileType = wrapper.cfbundle; includeInIndex = 0; path = GomokuTests.xctest; sourceTree = BUILT_PRODUCTS_DIR; };
		7B775BAE2A8CA45F0092D224 /* GomokuTests.swift */ = {isa = PBXFileReference; lastKnownFileType = sourcecode.swift; path = GomokuTests.swift; sourceTree = "<group>"; };
		7B775BB42A8CA45F0092D224 /* GomokuUITests.xctest */ = {isa = PBXFileReference; explicitFileType = wrapper.cfbundle; includeInIndex = 0; path = GomokuUITests.xctest; sourceTree = BUILT_PRODUCTS_DIR; };
		7B775BB82A8CA45F0092D224 /* GomokuUITests.swift */ = {isa = PBXFileReference; lastKnownFileType = sourcecode.swift; path = GomokuUITests.swift; sourceTree = "<group>"; };
		7B775BBA2A8CA45F0092D224 /* GomokuUITestsLaunchTests.swift */ = {isa = PBXFileReference; lastKnownFileType = sourcecode.swift; path = GomokuUITestsLaunchTests.swift; sourceTree = "<group>"; };
		7B775BC72A8CA69F0092D224 /* ViewModel.swift */ = {isa = PBXFileReference; lastKnownFileType = sourcecode.swift; path = ViewModel.swift; sourceTree = "<group>"; };
/* End PBXFileReference section */

/* Begin PBXFrameworksBuildPhase section */
		7B775B912A8CA4590092D224 /* Frameworks */ = {
			isa = PBXFrameworksBuildPhase;
			buildActionMask = 2147483647;
			files = (
			);
			runOnlyForDeploymentPostprocessing = 0;
		};
		7B775BA72A8CA45F0092D224 /* Frameworks */ = {
			isa = PBXFrameworksBuildPhase;
			buildActionMask = 2147483647;
			files = (
			);
			runOnlyForDeploymentPostprocessing = 0;
		};
		7B775BB12A8CA45F0092D224 /* Frameworks */ = {
			isa = PBXFrameworksBuildPhase;
			buildActionMask = 2147483647;
			files = (
			);
			runOnlyForDeploymentPostprocessing = 0;
		};
/* End PBXFrameworksBuildPhase section */

/* Begin PBXGroup section */
		7B775B8B2A8CA4590092D224 = {
			isa = PBXGroup;
			children = (
				7B775B962A8CA4590092D224 /* Gomoku */,
				7B775BAD2A8CA45F0092D224 /* GomokuTests */,
				7B775BB72A8CA45F0092D224 /* GomokuUITests */,
				7B775B952A8CA4590092D224 /* Products */,
			);
			sourceTree = "<group>";
		};
		7B775B952A8CA4590092D224 /* Products */ = {
			isa = PBXGroup;
			children = (
				7B775B942A8CA4590092D224 /* Gomoku.app */,
				7B775BAA2A8CA45F0092D224 /* GomokuTests.xctest */,
				7B775BB42A8CA45F0092D224 /* GomokuUITests.xctest */,
			);
			name = Products;
			sourceTree = "<group>";
		};
		7B775B962A8CA4590092D224 /* Gomoku */ = {
			isa = PBXGroup;
			children = (
				7B775B972A8CA4590092D224 /* AppDelegate.swift */,
				7B775B992A8CA4590092D224 /* SceneDelegate.swift */,
				7B775B9B2A8CA4590092D224 /* ViewController.swift */,
				7B775BC72A8CA69F0092D224 /* ViewModel.swift */,
				7B775B9D2A8CA4590092D224 /* Main.storyboard */,
				7B775BA02A8CA45F0092D224 /* Assets.xcassets */,
				7B775BA22A8CA45F0092D224 /* LaunchScreen.storyboard */,
				7B775BA52A8CA45F0092D224 /* Info.plist */,
			);
			path = Gomoku;
			sourceTree = "<group>";
		};
		7B775BAD2A8CA45F0092D224 /* GomokuTests */ = {
			isa = PBXGroup;
			children = (
				7B775BAE2A8CA45F0092D224 /* GomokuTests.swift */,
			);
			path = GomokuTests;
			sourceTree = "<group>";
		};
		7B775BB72A8CA45F0092D224 /* GomokuUITests */ = {
			isa = PBXGroup;
			children = (
				7B775BB82A8CA45F0092D224 /* GomokuUITests.swift */,
				7B775BBA2A8CA45F0092D224 /* GomokuUITestsLaunchTests.swift */,
			);
			path = GomokuUITests;
			sourceTree = "<group>";
		};
/* End PBXGroup section */

/* Begin PBXNativeTarget section */
		7B775B932A8CA4590092D224 /* Gomoku */ = {
			isa = PBXNativeTarget;
			buildConfigurationList = 7B775BBE2A8CA45F0092D224 /* Build configuration list for PBXNativeTarget "Gomoku" */;
			buildPhases = (
				7B775B902A8CA4590092D224 /* Sources */,
				7B775B912A8CA4590092D224 /* Frameworks */,
				7B775B922A8CA4590092D224 /* Resources */,
			);
			buildRules = (
			);
			dependencies = (
			);
			name = Gomoku;
			productName = Gomoku;
			productReference = 7B775B942A8CA4590092D224 /* Gomoku.app */;
			productType = "com.apple.product-type.application";
		};
		7B775BA92A8CA45F0092D224 /* GomokuTests */ = {
			isa = PBXNativeTarget;
			buildConfigurationList = 7B775BC12A8CA45F0092D224 /* Build configuration list for PBXNativeTarget "GomokuTests" */;
			buildPhases = (
				7B775BA62A8CA45F0092D224 /* Sources */,
				7B775BA72A8CA45F0092D224 /* Frameworks */,
				7B775BA82A8CA45F0092D224 /* Resources */,
			);
			buildRules = (
			);
			dependencies = (
				7B775BAC2A8CA45F0092D224 /* PBXTargetDependency */,
			);
			name = GomokuTests;
			productName = GomokuTests;
			productReference = 7B775BAA2A8CA45F0092D224 /* GomokuTests.xctest */;
			productType = "com.apple.product-type.bundle.unit-test";
		};
		7B775BB32A8CA45F0092D224 /* GomokuUITests */ = {
			isa = PBXNativeTarget;
			buildConfigurationList = 7B775BC42A8CA45F0092D224 /* Build configuration list for PBXNativeTarget "GomokuUITests" */;
			buildPhases = (
				7B775BB02A8CA45F0092D224 /* Sources */,
				7B775BB12A8CA45F0092D224 /* Frameworks */,
				7B775BB22A8CA45F0092D224 /* Resources */,
			);
			buildRules = (
			);
			dependencies = (
				7B775BB62A8CA45F0092D224 /* PBXTargetDependency */,
			);
			name = GomokuUITests;
			productName = GomokuUITests;
			productReference = 7B775BB42A8CA45F0092D224 /* GomokuUITests.xctest */;
			productType = "com.apple.product-type.bundle.ui-testing";
		};
/* End PBXNativeTarget section */

/* Begin PBXProject section */
		7B775B8C2A8CA4590092D224 /* Project object */ = {
			isa = PBXProject;
			attributes = {
				BuildIndependentTargetsInParallel = 1;
				LastSwiftUpdateCheck = 1320;
				LastUpgradeCheck = 1320;
				TargetAttributes = {
					7B775B932A8CA4590092D224 = {
						CreatedOnToolsVersion = 13.2.1;
					};
					7B775BA92A8CA45F0092D224 = {
						CreatedOnToolsVersion = 13.2.1;
						TestTargetID = 7B775B932A8CA4590092D224;
					};
					7B775BB32A8CA45F0092D224 = {
						CreatedOnToolsVersion = 13.2.1;
						TestTargetID = 7B775B932A8CA4590092D224;
					};
				};
			};
			buildConfigurationList = 7B775B8F2A8CA4590092D224 /* Build configuration list for PBXProject "Gomoku" */;
			compatibilityVersion = "Xcode 13.0";
			developmentRegion = en;
			hasScannedForEncodings = 0;
			knownRegions = (
				en,
				Base,
			);
			mainGroup = 7B775B8B2A8CA4590092D224;
			productRefGroup = 7B775B952A8CA4590092D224 /* Products */;
			projectDirPath = "";
			projectRoot = "";
			targets = (
				7B775B932A8CA4590092D224 /* Gomoku */,
				7B775BA92A8CA45F0092D224 /* GomokuTests */,
				7B775BB32A8CA45F0092D224 /* GomokuUITests */,
			);
		};
/* End PBXProject section */

/* Begin PBXResourcesBuildPhase section */
		7B775B922A8CA4590092D224 /* Resources */ = {
			isa = PBXResourcesBuildPhase;
			buildActionMask = 2147483647;
			files = (
				7B775BA42A8CA45F0092D224 /* LaunchScreen.storyboard in Resources */,
				7B775BA12A8CA45F0092D224 /* Assets.xcassets in Resources */,
				7B775B9F2A8CA4590092D224 /* Main.storyboard in Resources */,
			);
			runOnlyForDeploymentPostprocessing = 0;
		};
		7B775BA82A8CA45F0092D224 /* Resources */ = {
			isa = PBXResourcesBuildPhase;
			buildActionMask = 2147483647;
			files = (
			);
			runOnlyForDeploymentPostprocessing = 0;
		};
		7B775BB22A8CA45F0092D224 /* Resources */ = {
			isa = PBXResourcesBuildPhase;
			buildActionMask = 2147483647;
			files = (
			);
			runOnlyForDeploymentPostprocessing = 0;
		};
/* End PBXResourcesBuildPhase section */

/* Begin PBXSourcesBuildPhase section */
		7B775B902A8CA4590092D224 /* Sources */ = {
			isa = PBXSourcesBuildPhase;
			buildActionMask = 2147483647;
			files = (
				7B775B9C2A8CA4590092D224 /* ViewController.swift in Sources */,
				7B775B982A8CA4590092D224 /* AppDelegate.swift in Sources */,
				7B775BC82A8CA69F0092D224 /* ViewModel.swift in Sources */,
				7B775B9A2A8CA4590092D224 /* SceneDelegate.swift in Sources */,
			);
			runOnlyForDeploymentPostprocessing = 0;
		};
		7B775BA62A8CA45F0092D224 /* Sources */ = {
			isa = PBXSourcesBuildPhase;
			buildActionMask = 2147483647;
			files = (
				7B775BAF2A8CA45F0092D224 /* GomokuTests.swift in Sources */,
			);
			runOnlyForDeploymentPostprocessing = 0;
		};
		7B775BB02A8CA45F0092D224 /* Sources */ = {
			isa = PBXSourcesBuildPhase;
			buildActionMask = 2147483647;
			files = (
				7B775BBB2A8CA45F0092D224 /* GomokuUITestsLaunchTests.swift in Sources */,
				7B775BB92A8CA45F0092D224 /* GomokuUITests.swift in Sources */,
			);
			runOnlyForDeploymentPostprocessing = 0;
		};
/* End PBXSourcesBuildPhase section */

/* Begin PBXTargetDependency section */
		7B775BAC2A8CA45F0092D224 /* PBXTargetDependency */ = {
			isa = PBXTargetDependency;
			target = 7B775B932A8CA4590092D224 /* Gomoku */;
			targetProxy = 7B775BAB2A8CA45F0092D224 /* PBXContainerItemProxy */;
		};
		7B775BB62A8CA45F0092D224 /* PBXTargetDependency */ = {
			isa = PBXTargetDependency;
			target = 7B775B932A8CA4590092D224 /* Gomoku */;
			targetProxy = 7B775BB52A8CA45F0092D224 /* PBXContainerItemProxy */;
		};
/* End PBXTargetDependency section */

/* Begin PBXVariantGroup section */
		7B775B9D2A8CA4590092D224 /* Main.storyboard */ = {
			isa = PBXVariantGroup;
			children = (
				7B775B9E2A8CA4590092D224 /* Base */,
			);
			name = Main.storyboard;
			sourceTree = "<group>";
		};
		7B775BA22A8CA45F0092D224 /* LaunchScreen.storyboard */ = {
			isa = PBXVariantGroup;
			children = (
				7B775BA32A8CA45F0092D224 /* Base */,
			);
			name = LaunchScreen.storyboard;
			sourceTree = "<group>";
		};
/* End PBXVariantGroup section */

/* Begin XCBuildConfiguration section */
		7B775BBC2A8CA45F0092D224 /* Debug */ = {
			isa = XCBuildConfiguration;
			buildSettings = {
				ALWAYS_SEARCH_USER_PATHS = NO;
				CLANG_ANALYZER_NONNULL = YES;
				CLANG_ANALYZER_NUMBER_OBJECT_CONVERSION = YES_AGGRESSIVE;
				CLANG_CXX_LANGUAGE_STANDARD = "gnu++17";
				CLANG_CXX_LIBRARY = "libc++";
				CLANG_ENABLE_MODULES = YES;
				CLANG_ENABLE_OBJC_ARC = YES;
				CLANG_ENABLE_OBJC_WEAK = YES;
				CLANG_WARN_BLOCK_CAPTURE_AUTORELEASING = YES;
				CLANG_WARN_BOOL_CONVERSION = YES;
				CLANG_WARN_COMMA = YES;
				CLANG_WARN_CONSTANT_CONVERSION = YES;
				CLANG_WARN_DEPRECATED_OBJC_IMPLEMENTATIONS = YES;
				CLANG_WARN_DIRECT_OBJC_ISA_USAGE = YES_ERROR;
				CLANG_WARN_DOCUMENTATION_COMMENTS = YES;
				CLANG_WARN_EMPTY_BODY = YES;
				CLANG_WARN_ENUM_CONVERSION = YES;
				CLANG_WARN_INFINITE_RECURSION = YES;
				CLANG_WARN_INT_CONVERSION = YES;
				CLANG_WARN_NON_LITERAL_NULL_CONVERSION = YES;
				CLANG_WARN_OBJC_IMPLICIT_RETAIN_SELF = YES;
				CLANG_WARN_OBJC_LITERAL_CONVERSION = YES;
				CLANG_WARN_OBJC_ROOT_CLASS = YES_ERROR;
				CLANG_WARN_QUOTED_INCLUDE_IN_FRAMEWORK_HEADER = YES;
				CLANG_WARN_RANGE_LOOP_ANALYSIS = YES;
				CLANG_WARN_STRICT_PROTOTYPES = YES;
				CLANG_WARN_SUSPICIOUS_MOVE = YES;
				CLANG_WARN_UNGUARDED_AVAILABILITY = YES_AGGRESSIVE;
				CLANG_WARN_UNREACHABLE_CODE = YES;
				CLANG_WARN__DUPLICATE_METHOD_MATCH = YES;
				COPY_PHASE_STRIP = NO;
				DEBUG_INFORMATION_FORMAT = dwarf;
				ENABLE_STRICT_OBJC_MSGSEND = YES;
				ENABLE_TESTABILITY = YES;
				GCC_C_LANGUAGE_STANDARD = gnu11;
				GCC_DYNAMIC_NO_PIC = NO;
				GCC_NO_COMMON_BLOCKS = YES;
				GCC_OPTIMIZATION_LEVEL = 0;
				GCC_PREPROCESSOR_DEFINITIONS = (
					"DEBUG=1",
					"$(inherited)",
				);
				GCC_WARN_64_TO_32_BIT_CONVERSION = YES;
				GCC_WARN_ABOUT_RETURN_TYPE = YES_ERROR;
				GCC_WARN_UNDECLARED_SELECTOR = YES;
				GCC_WARN_UNINITIALIZED_AUTOS = YES_AGGRESSIVE;
				GCC_WARN_UNUSED_FUNCTION = YES;
				GCC_WARN_UNUSED_VARIABLE = YES;
				IPHONEOS_DEPLOYMENT_TARGET = 15.2;
				MTL_ENABLE_DEBUG_INFO = INCLUDE_SOURCE;
				MTL_FAST_MATH = YES;
				ONLY_ACTIVE_ARCH = YES;
				SDKROOT = iphoneos;
				SWIFT_ACTIVE_COMPILATION_CONDITIONS = DEBUG;
				SWIFT_OPTIMIZATION_LEVEL = "-Onone";
			};
			name = Debug;
		};
		7B775BBD2A8CA45F0092D224 /* Release */ = {
			isa = XCBuildConfiguration;
			buildSettings = {
				ALWAYS_SEARCH_USER_PATHS = NO;
				CLANG_ANALYZER_NONNULL = YES;
				CLANG_ANALYZER_NUMBER_OBJECT_CONVERSION = YES_AGGRESSIVE;
				CLANG_CXX_LANGUAGE_STANDARD = "gnu++17";
				CLANG_CXX_LIBRARY = "libc++";
				CLANG_ENABLE_MODULES = YES;
				CLANG_ENABLE_OBJC_ARC = YES;
				CLANG_ENABLE_OBJC_WEAK = YES;
				CLANG_WARN_BLOCK_CAPTURE_AUTORELEASING = YES;
				CLANG_WARN_BOOL_CONVERSION = YES;
				CLANG_WARN_COMMA = YES;
				CLANG_WARN_CONSTANT_CONVERSION = YES;
				CLANG_WARN_DEPRECATED_OBJC_IMPLEMENTATIONS = YES;
				CLANG_WARN_DIRECT_OBJC_ISA_USAGE = YES_ERROR;
				CLANG_WARN_DOCUMENTATION_COMMENTS = YES;
				CLANG_WARN_EMPTY_BODY = YES;
				CLANG_WARN_ENUM_CONVERSION = YES;
				CLANG_WARN_INFINITE_RECURSION = YES;
				CLANG_WARN_INT_CONVERSION = YES;
				CLANG_WARN_NON_LITERAL_NULL_CONVERSION = YES;
				CLANG_WARN_OBJC_IMPLICIT_RETAIN_SELF = YES;
				CLANG_WARN_OBJC_LITERAL_CONVERSION = YES;
				CLANG_WARN_OBJC_ROOT_CLASS = YES_ERROR;
				CLANG_WARN_QUOTED_INCLUDE_IN_FRAMEWORK_HEADER = YES;
				CLANG_WARN_RANGE_LOOP_ANALYSIS = YES;
				CLANG_WARN_STRICT_PROTOTYPES = YES;
				CLANG_WARN_SUSPICIOUS_MOVE = YES;
				CLANG_WARN_UNGUARDED_AVAILABILITY = YES_AGGRESSIVE;
				CLANG_WARN_UNREACHABLE_CODE = YES;
				CLANG_WARN__DUPLICATE_METHOD_MATCH = YES;
				COPY_PHASE_STRIP = NO;
				DEBUG_INFORMATION_FORMAT = "dwarf-with-dsym";
				ENABLE_NS_ASSERTIONS = NO;
				ENABLE_STRICT_OBJC_MSGSEND = YES;
				GCC_C_LANGUAGE_STANDARD = gnu11;
				GCC_NO_COMMON_BLOCKS = YES;
				GCC_WARN_64_TO_32_BIT_CONVERSION = YES;
				GCC_WARN_ABOUT_RETURN_TYPE = YES_ERROR;
				GCC_WARN_UNDECLARED_SELECTOR = YES;
				GCC_WARN_UNINITIALIZED_AUTOS = YES_AGGRESSIVE;
				GCC_WARN_UNUSED_FUNCTION = YES;
				GCC_WARN_UNUSED_VARIABLE = YES;
				IPHONEOS_DEPLOYMENT_TARGET = 15.2;
				MTL_ENABLE_DEBUG_INFO = NO;
				MTL_FAST_MATH = YES;
				SDKROOT = iphoneos;
				SWIFT_COMPILATION_MODE = wholemodule;
				SWIFT_OPTIMIZATION_LEVEL = "-O";
				VALIDATE_PRODUCT = YES;
			};
			name = Release;
		};
		7B775BBF2A8CA45F0092D224 /* Debug */ = {
			isa = XCBuildConfiguration;
			buildSettings = {
				ASSETCATALOG_COMPILER_APPICON_NAME = AppIcon;
				ASSETCATALOG_COMPILER_GLOBAL_ACCENT_COLOR_NAME = AccentColor;
				CODE_SIGN_STYLE = Automatic;
				CURRENT_PROJECT_VERSION = 1;
				DEVELOPMENT_TEAM = 2RD7T47AG4;
				GENERATE_INFOPLIST_FILE = YES;
				INFOPLIST_FILE = Gomoku/Info.plist;
				INFOPLIST_KEY_UIApplicationSupportsIndirectInputEvents = YES;
				INFOPLIST_KEY_UILaunchStoryboardName = LaunchScreen;
				INFOPLIST_KEY_UIMainStoryboardFile = Main;
				INFOPLIST_KEY_UISupportedInterfaceOrientations_iPad = "UIInterfaceOrientationPortrait UIInterfaceOrientationPortraitUpsideDown UIInterfaceOrientationLandscapeLeft UIInterfaceOrientationLandscapeRight";
				INFOPLIST_KEY_UISupportedInterfaceOrientations_iPhone = "UIInterfaceOrientationPortrait UIInterfaceOrientationLandscapeLeft UIInterfaceOrientationLandscapeRight";
				LD_RUNPATH_SEARCH_PATHS = (
					"$(inherited)",
					"@executable_path/Frameworks",
				);
				MARKETING_VERSION = 1.0;
				PRODUCT_BUNDLE_IDENTIFIER = com.zairov.gomoku.Gomoku;
				PRODUCT_NAME = "$(TARGET_NAME)";
				SWIFT_EMIT_LOC_STRINGS = YES;
				SWIFT_VERSION = 5.0;
				TARGETED_DEVICE_FAMILY = "1,2";
			};
			name = Debug;
		};
		7B775BC02A8CA45F0092D224 /* Release */ = {
			isa = XCBuildConfiguration;
			buildSettings = {
				ASSETCATALOG_COMPILER_APPICON_NAME = AppIcon;
				ASSETCATALOG_COMPILER_GLOBAL_ACCENT_COLOR_NAME = AccentColor;
				CODE_SIGN_STYLE = Automatic;
				CURRENT_PROJECT_VERSION = 1;
				DEVELOPMENT_TEAM = 2RD7T47AG4;
				GENERATE_INFOPLIST_FILE = YES;
				INFOPLIST_FILE = Gomoku/Info.plist;
				INFOPLIST_KEY_UIApplicationSupportsIndirectInputEvents = YES;
				INFOPLIST_KEY_UILaunchStoryboardName = LaunchScreen;
				INFOPLIST_KEY_UIMainStoryboardFile = Main;
				INFOPLIST_KEY_UISupportedInterfaceOrientations_iPad = "UIInterfaceOrientationPortrait UIInterfaceOrientationPortraitUpsideDown UIInterfaceOrientationLandscapeLeft UIInterfaceOrientationLandscapeRight";
				INFOPLIST_KEY_UISupportedInterfaceOrientations_iPhone = "UIInterfaceOrientationPortrait UIInterfaceOrientationLandscapeLeft UIInterfaceOrientationLandscapeRight";
				LD_RUNPATH_SEARCH_PATHS = (
					"$(inherited)",
					"@executable_path/Frameworks",
				);
				MARKETING_VERSION = 1.0;
				PRODUCT_BUNDLE_IDENTIFIER = com.zairov.gomoku.Gomoku;
				PRODUCT_NAME = "$(TARGET_NAME)";
				SWIFT_EMIT_LOC_STRINGS = YES;
				SWIFT_VERSION = 5.0;
				TARGETED_DEVICE_FAMILY = "1,2";
			};
			name = Release;
		};
		7B775BC22A8CA45F0092D224 /* Debug */ = {
			isa = XCBuildConfiguration;
			buildSettings = {
				ALWAYS_EMBED_SWIFT_STANDARD_LIBRARIES = YES;
				BUNDLE_LOADER = "$(TEST_HOST)";
				CODE_SIGN_STYLE = Automatic;
				CURRENT_PROJECT_VERSION = 1;
				DEVELOPMENT_TEAM = 2RD7T47AG4;
				GENERATE_INFOPLIST_FILE = YES;
				IPHONEOS_DEPLOYMENT_TARGET = 15.2;
				MARKETING_VERSION = 1.0;
				PRODUCT_BUNDLE_IDENTIFIER = com.zairov.gomoku.GomokuTests;
				PRODUCT_NAME = "$(TARGET_NAME)";
				SWIFT_EMIT_LOC_STRINGS = NO;
				SWIFT_VERSION = 5.0;
				TARGETED_DEVICE_FAMILY = "1,2";
				TEST_HOST = "$(BUILT_PRODUCTS_DIR)/Gomoku.app/Gomoku";
			};
			name = Debug;
		};
		7B775BC32A8CA45F0092D224 /* Release */ = {
			isa = XCBuildConfiguration;
			buildSettings = {
				ALWAYS_EMBED_SWIFT_STANDARD_LIBRARIES = YES;
				BUNDLE_LOADER = "$(TEST_HOST)";
				CODE_SIGN_STYLE = Automatic;
				CURRENT_PROJECT_VERSION = 1;
				DEVELOPMENT_TEAM = 2RD7T47AG4;
				GENERATE_INFOPLIST_FILE = YES;
				IPHONEOS_DEPLOYMENT_TARGET = 15.2;
				MARKETING_VERSION = 1.0;
				PRODUCT_BUNDLE_IDENTIFIER = com.zairov.gomoku.GomokuTests;
				PRODUCT_NAME = "$(TARGET_NAME)";
				SWIFT_EMIT_LOC_STRINGS = NO;
				SWIFT_VERSION = 5.0;
				TARGETED_DEVICE_FAMILY = "1,2";
				TEST_HOST = "$(BUILT_PRODUCTS_DIR)/Gomoku.app/Gomoku";
			};
			name = Release;
		};
		7B775BC52A8CA45F0092D224 /* Debug */ = {
			isa = XCBuildConfiguration;
			buildSettings = {
				ALWAYS_EMBED_SWIFT_STANDARD_LIBRARIES = YES;
				CODE_SIGN_STYLE = Automatic;
				CURRENT_PROJECT_VERSION = 1;
				DEVELOPMENT_TEAM = 2RD7T47AG4;
				GENERATE_INFOPLIST_FILE = YES;
				MARKETING_VERSION = 1.0;
				PRODUCT_BUNDLE_IDENTIFIER = com.zairov.gomoku.GomokuUITests;
				PRODUCT_NAME = "$(TARGET_NAME)";
				SWIFT_EMIT_LOC_STRINGS = NO;
				SWIFT_VERSION = 5.0;
				TARGETED_DEVICE_FAMILY = "1,2";
				TEST_TARGET_NAME = Gomoku;
			};
			name = Debug;
		};
		7B775BC62A8CA45F0092D224 /* Release */ = {
			isa = XCBuildConfiguration;
			buildSettings = {
				ALWAYS_EMBED_SWIFT_STANDARD_LIBRARIES = YES;
				CODE_SIGN_STYLE = Automatic;
				CURRENT_PROJECT_VERSION = 1;
				DEVELOPMENT_TEAM = 2RD7T47AG4;
				GENERATE_INFOPLIST_FILE = YES;
				MARKETING_VERSION = 1.0;
				PRODUCT_BUNDLE_IDENTIFIER = com.zairov.gomoku.GomokuUITests;
				PRODUCT_NAME = "$(TARGET_NAME)";
				SWIFT_EMIT_LOC_STRINGS = NO;
				SWIFT_VERSION = 5.0;
				TARGETED_DEVICE_FAMILY = "1,2";
				TEST_TARGET_NAME = Gomoku;
			};
			name = Release;
		};
/* End XCBuildConfiguration section */

/* Begin XCConfigurationList section */
		7B775B8F2A8CA4590092D224 /* Build configuration list for PBXProject "Gomoku" */ = {
			isa = XCConfigurationList;
			buildConfigurations = (
				7B775BBC2A8CA45F0092D224 /* Debug */,
				7B775BBD2A8CA45F0092D224 /* Release */,
			);
			defaultConfigurationIsVisible = 0;
			defaultConfigurationName = Release;
		};
		7B775BBE2A8CA45F0092D224 /* Build configuration list for PBXNativeTarget "Gomoku" */ = {
			isa = XCConfigurationList;
			buildConfigurations = (
				7B775BBF2A8CA45F0092D224 /* Debug */,
				7B775BC02A8CA45F0092D224 /* Release */,
			);
			defaultConfigurationIsVisible = 0;
			defaultConfigurationName = Release;
		};
		7B775BC12A8CA45F0092D224 /* Build configuration list for PBXNativeTarget "GomokuTests" */ = {
			isa = XCConfigurationList;
			buildConfigurations = (
				7B775BC22A8CA45F0092D224 /* Debug */,
				7B775BC32A8CA45F0092D224 /* Release */,
			);
			defaultConfigurationIsVisible = 0;
			defaultConfigurationName = Release;
		};
		7B775BC42A8CA45F0092D224 /* Build configuration list for PBXNativeTarget "GomokuUITests" */ = {
			isa = XCConfigurationList;
			buildConfigurations = (
				7B775BC52A8CA45F0092D224 /* Debug */,
				7B775BC62A8CA45F0092D224 /* Release */,
			);
			defaultConfigurationIsVisible = 0;
			defaultConfigurationName = Release;
		};
/* End XCConfigurationList section */
	};
	rootObject = 7B775B8C2A8CA4590092D224 /* Project object */;
}
